// !$*UTF8*$!
{
	archiveVersion = 1;
	classes = {
	};
	objectVersion = 77;
	objects = {

/* Begin PBXBuildFile section */
		9BBC55CE2D6D941B006A30F7 /* PBStorage.framework in Frameworks */ = {isa = PBXBuildFile; fileRef = 9BBC55C32D6D941B006A30F7 /* PBStorage.framework */; };
		9BBC560A2D6DCD54006A30F7 /* PBStorageInterface.framework in Frameworks */ = {isa = PBXBuildFile; fileRef = 9BBC55ED2D6DCD0D006A30F7 /* PBStorageInterface.framework */; };
		9BBC560B2D6DCD54006A30F7 /* PBStorageInterface.framework in Embed Frameworks */ = {isa = PBXBuildFile; fileRef = 9BBC55ED2D6DCD0D006A30F7 /* PBStorageInterface.framework */; settings = {ATTRIBUTES = (CodeSignOnCopy, RemoveHeadersOnCopy, ); }; };
		9BCAA9632D830229007E9FC5 /* FirebaseStorage in Frameworks */ = {isa = PBXBuildFile; productRef = 9BCAA9622D830229007E9FC5 /* FirebaseStorage */; };
/* End PBXBuildFile section */

/* Begin PBXContainerItemProxy section */
		9BBC55CF2D6D941B006A30F7 /* PBXContainerItemProxy */ = {
			isa = PBXContainerItemProxy;
			containerPortal = 9BBC55BA2D6D941B006A30F7 /* Project object */;
			proxyType = 1;
			remoteGlobalIDString = 9BBC55C22D6D941B006A30F7;
			remoteInfo = PBStorage;
		};
		9BBC560C2D6DCD54006A30F7 /* PBXContainerItemProxy */ = {
			isa = PBXContainerItemProxy;
			containerPortal = 9BBC55BA2D6D941B006A30F7 /* Project object */;
			proxyType = 1;
			remoteGlobalIDString = 9BBC55EC2D6DCD0D006A30F7;
			remoteInfo = PBStorageInterface;
		};
/* End PBXContainerItemProxy section */

/* Begin PBXCopyFilesBuildPhase section */
		9BBC560E2D6DCD54006A30F7 /* Embed Frameworks */ = {
			isa = PBXCopyFilesBuildPhase;
			buildActionMask = 2147483647;
			dstPath = "";
			dstSubfolderSpec = 10;
			files = (
				9BBC560B2D6DCD54006A30F7 /* PBStorageInterface.framework in Embed Frameworks */,
			);
			name = "Embed Frameworks";
			runOnlyForDeploymentPostprocessing = 0;
		};
/* End PBXCopyFilesBuildPhase section */

/* Begin PBXFileReference section */
		9BBC55C32D6D941B006A30F7 /* PBStorage.framework */ = {isa = PBXFileReference; explicitFileType = wrapper.framework; includeInIndex = 0; path = PBStorage.framework; sourceTree = BUILT_PRODUCTS_DIR; };
		9BBC55CD2D6D941B006A30F7 /* PBStorageTests.xctest */ = {isa = PBXFileReference; explicitFileType = wrapper.cfbundle; includeInIndex = 0; path = PBStorageTests.xctest; sourceTree = BUILT_PRODUCTS_DIR; };
		9BBC55ED2D6DCD0D006A30F7 /* PBStorageInterface.framework */ = {isa = PBXFileReference; explicitFileType = wrapper.framework; includeInIndex = 0; path = PBStorageInterface.framework; sourceTree = BUILT_PRODUCTS_DIR; };
/* End PBXFileReference section */

/* Begin PBXFileSystemSynchronizedBuildFileExceptionSet section */
		9BBC55D52D6D941B006A30F7 /* Exceptions for "PBStorage" folder in "PBStorage" target */ = {
			isa = PBXFileSystemSynchronizedBuildFileExceptionSet;
			publicHeaders = (
				PBStorage.h,
			);
			target = 9BBC55C22D6D941B006A30F7 /* PBStorage */;
		};
		9BBC55FE2D6DCD0D006A30F7 /* Exceptions for "PBStorageInterface" folder in "PBStorageInterface" target */ = {
			isa = PBXFileSystemSynchronizedBuildFileExceptionSet;
			publicHeaders = (
				PBStorageInterface.h,
			);
			target = 9BBC55EC2D6DCD0D006A30F7 /* PBStorageInterface */;
		};
/* End PBXFileSystemSynchronizedBuildFileExceptionSet section */

/* Begin PBXFileSystemSynchronizedRootGroup section */
		9BBC55C52D6D941B006A30F7 /* PBStorage */ = {
			isa = PBXFileSystemSynchronizedRootGroup;
			exceptions = (
				9BBC55D52D6D941B006A30F7 /* Exceptions for "PBStorage" folder in "PBStorage" target */,
			);
			path = PBStorage;
			sourceTree = "<group>";
		};
		9BBC55D12D6D941B006A30F7 /* PBStorageTests */ = {
			isa = PBXFileSystemSynchronizedRootGroup;
			path = PBStorageTests;
			sourceTree = "<group>";
		};
		9BBC55EE2D6DCD0D006A30F7 /* PBStorageInterface */ = {
			isa = PBXFileSystemSynchronizedRootGroup;
			exceptions = (
				9BBC55FE2D6DCD0D006A30F7 /* Exceptions for "PBStorageInterface" folder in "PBStorageInterface" target */,
			);
			path = PBStorageInterface;
			sourceTree = "<group>";
		};
/* End PBXFileSystemSynchronizedRootGroup section */

/* Begin PBXFrameworksBuildPhase section */
		9BBC55C02D6D941B006A30F7 /* Frameworks */ = {
			isa = PBXFrameworksBuildPhase;
			buildActionMask = 2147483647;
			files = (
				9BBC560A2D6DCD54006A30F7 /* PBStorageInterface.framework in Frameworks */,
				9BCAA9632D830229007E9FC5 /* FirebaseStorage in Frameworks */,
			);
			runOnlyForDeploymentPostprocessing = 0;
		};
		9BBC55CA2D6D941B006A30F7 /* Frameworks */ = {
			isa = PBXFrameworksBuildPhase;
			buildActionMask = 2147483647;
			files = (
				9BBC55CE2D6D941B006A30F7 /* PBStorage.framework in Frameworks */,
			);
			runOnlyForDeploymentPostprocessing = 0;
		};
		9BBC55EA2D6DCD0D006A30F7 /* Frameworks */ = {
			isa = PBXFrameworksBuildPhase;
			buildActionMask = 2147483647;
			files = (
			);
			runOnlyForDeploymentPostprocessing = 0;
		};
/* End PBXFrameworksBuildPhase section */

/* Begin PBXGroup section */
		9BBC55B92D6D941B006A30F7 = {
			isa = PBXGroup;
			children = (
				9BBC55C52D6D941B006A30F7 /* PBStorage */,
				9BBC55D12D6D941B006A30F7 /* PBStorageTests */,
				9BBC55EE2D6DCD0D006A30F7 /* PBStorageInterface */,
				9BBC56092D6DCD54006A30F7 /* Frameworks */,
				9BBC55C42D6D941B006A30F7 /* Products */,
			);
			sourceTree = "<group>";
		};
		9BBC55C42D6D941B006A30F7 /* Products */ = {
			isa = PBXGroup;
			children = (
				9BBC55C32D6D941B006A30F7 /* PBStorage.framework */,
				9BBC55CD2D6D941B006A30F7 /* PBStorageTests.xctest */,
				9BBC55ED2D6DCD0D006A30F7 /* PBStorageInterface.framework */,
			);
			name = Products;
			sourceTree = "<group>";
		};
		9BBC56092D6DCD54006A30F7 /* Frameworks */ = {
			isa = PBXGroup;
			children = (
			);
			name = Frameworks;
			sourceTree = "<group>";
		};
/* End PBXGroup section */

/* Begin PBXHeadersBuildPhase section */
		9BBC55BE2D6D941B006A30F7 /* Headers */ = {
			isa = PBXHeadersBuildPhase;
			buildActionMask = 2147483647;
			files = (
			);
			runOnlyForDeploymentPostprocessing = 0;
		};
		9BBC55E82D6DCD0D006A30F7 /* Headers */ = {
			isa = PBXHeadersBuildPhase;
			buildActionMask = 2147483647;
			files = (
			);
			runOnlyForDeploymentPostprocessing = 0;
		};
/* End PBXHeadersBuildPhase section */

/* Begin PBXNativeTarget section */
		9BBC55C22D6D941B006A30F7 /* PBStorage */ = {
			isa = PBXNativeTarget;
			buildConfigurationList = 9BBC55D62D6D941B006A30F7 /* Build configuration list for PBXNativeTarget "PBStorage" */;
			buildPhases = (
				9BBC55BE2D6D941B006A30F7 /* Headers */,
				9BBC55BF2D6D941B006A30F7 /* Sources */,
				9BBC55C02D6D941B006A30F7 /* Frameworks */,
				9BBC55C12D6D941B006A30F7 /* Resources */,
				9BBC560E2D6DCD54006A30F7 /* Embed Frameworks */,
			);
			buildRules = (
			);
			dependencies = (
				9BBC560D2D6DCD54006A30F7 /* PBXTargetDependency */,
			);
			fileSystemSynchronizedGroups = (
				9BBC55C52D6D941B006A30F7 /* PBStorage */,
			);
			name = PBStorage;
			packageProductDependencies = (
				9BCAA9622D830229007E9FC5 /* FirebaseStorage */,
			);
			productName = PBStorage;
			productReference = 9BBC55C32D6D941B006A30F7 /* PBStorage.framework */;
			productType = "com.apple.product-type.framework";
		};
		9BBC55CC2D6D941B006A30F7 /* PBStorageTests */ = {
			isa = PBXNativeTarget;
			buildConfigurationList = 9BBC55DB2D6D941B006A30F7 /* Build configuration list for PBXNativeTarget "PBStorageTests" */;
			buildPhases = (
				9BBC55C92D6D941B006A30F7 /* Sources */,
				9BBC55CA2D6D941B006A30F7 /* Frameworks */,
				9BBC55CB2D6D941B006A30F7 /* Resources */,
			);
			buildRules = (
			);
			dependencies = (
				9BBC55D02D6D941B006A30F7 /* PBXTargetDependency */,
			);
			fileSystemSynchronizedGroups = (
				9BBC55D12D6D941B006A30F7 /* PBStorageTests */,
			);
			name = PBStorageTests;
			packageProductDependencies = (
			);
			productName = PBStorageTests;
			productReference = 9BBC55CD2D6D941B006A30F7 /* PBStorageTests.xctest */;
			productType = "com.apple.product-type.bundle.unit-test";
		};
		9BBC55EC2D6DCD0D006A30F7 /* PBStorageInterface */ = {
			isa = PBXNativeTarget;
			buildConfigurationList = 9BBC55FF2D6DCD0D006A30F7 /* Build configuration list for PBXNativeTarget "PBStorageInterface" */;
			buildPhases = (
				9BBC55E82D6DCD0D006A30F7 /* Headers */,
				9BBC55E92D6DCD0D006A30F7 /* Sources */,
				9BBC55EA2D6DCD0D006A30F7 /* Frameworks */,
				9BBC55EB2D6DCD0D006A30F7 /* Resources */,
			);
			buildRules = (
			);
			dependencies = (
			);
			fileSystemSynchronizedGroups = (
				9BBC55EE2D6DCD0D006A30F7 /* PBStorageInterface */,
			);
			name = PBStorageInterface;
			packageProductDependencies = (
			);
			productName = PBStorageInterface;
			productReference = 9BBC55ED2D6DCD0D006A30F7 /* PBStorageInterface.framework */;
			productType = "com.apple.product-type.framework";
		};
/* End PBXNativeTarget section */

/* Begin PBXProject section */
		9BBC55BA2D6D941B006A30F7 /* Project object */ = {
			isa = PBXProject;
			attributes = {
				BuildIndependentTargetsInParallel = 1;
				LastSwiftUpdateCheck = 1620;
				LastUpgradeCheck = 1620;
				TargetAttributes = {
					9BBC55C22D6D941B006A30F7 = {
						CreatedOnToolsVersion = 16.2;
					};
					9BBC55CC2D6D941B006A30F7 = {
						CreatedOnToolsVersion = 16.2;
					};
					9BBC55EC2D6DCD0D006A30F7 = {
						CreatedOnToolsVersion = 16.2;
					};
				};
			};
			buildConfigurationList = 9BBC55BD2D6D941B006A30F7 /* Build configuration list for PBXProject "PBStorage" */;
			developmentRegion = en;
			hasScannedForEncodings = 0;
			knownRegions = (
				en,
				Base,
			);
			mainGroup = 9BBC55B92D6D941B006A30F7;
			minimizedProjectReferenceProxies = 1;
			packageReferences = (
				9BCAA9612D830229007E9FC5 /* XCRemoteSwiftPackageReference "firebase-ios-sdk" */,
			);
			preferredProjectObjectVersion = 77;
			productRefGroup = 9BBC55C42D6D941B006A30F7 /* Products */;
			projectDirPath = "";
			projectRoot = "";
			targets = (
				9BBC55C22D6D941B006A30F7 /* PBStorage */,
				9BBC55CC2D6D941B006A30F7 /* PBStorageTests */,
				9BBC55EC2D6DCD0D006A30F7 /* PBStorageInterface */,
			);
		};
/* End PBXProject section */

/* Begin PBXResourcesBuildPhase section */
		9BBC55C12D6D941B006A30F7 /* Resources */ = {
			isa = PBXResourcesBuildPhase;
			buildActionMask = 2147483647;
			files = (
			);
			runOnlyForDeploymentPostprocessing = 0;
		};
		9BBC55CB2D6D941B006A30F7 /* Resources */ = {
			isa = PBXResourcesBuildPhase;
			buildActionMask = 2147483647;
			files = (
			);
			runOnlyForDeploymentPostprocessing = 0;
		};
		9BBC55EB2D6DCD0D006A30F7 /* Resources */ = {
			isa = PBXResourcesBuildPhase;
			buildActionMask = 2147483647;
			files = (
			);
			runOnlyForDeploymentPostprocessing = 0;
		};
/* End PBXResourcesBuildPhase section */

/* Begin PBXSourcesBuildPhase section */
		9BBC55BF2D6D941B006A30F7 /* Sources */ = {
			isa = PBXSourcesBuildPhase;
			buildActionMask = 2147483647;
			files = (
			);
			runOnlyForDeploymentPostprocessing = 0;
		};
		9BBC55C92D6D941B006A30F7 /* Sources */ = {
			isa = PBXSourcesBuildPhase;
			buildActionMask = 2147483647;
			files = (
			);
			runOnlyForDeploymentPostprocessing = 0;
		};
		9BBC55E92D6DCD0D006A30F7 /* Sources */ = {
			isa = PBXSourcesBuildPhase;
			buildActionMask = 2147483647;
			files = (
			);
			runOnlyForDeploymentPostprocessing = 0;
		};
/* End PBXSourcesBuildPhase section */

/* Begin PBXTargetDependency section */
		9BBC55D02D6D941B006A30F7 /* PBXTargetDependency */ = {
			isa = PBXTargetDependency;
			target = 9BBC55C22D6D941B006A30F7 /* PBStorage */;
			targetProxy = 9BBC55CF2D6D941B006A30F7 /* PBXContainerItemProxy */;
		};
		9BBC560D2D6DCD54006A30F7 /* PBXTargetDependency */ = {
			isa = PBXTargetDependency;
			target = 9BBC55EC2D6DCD0D006A30F7 /* PBStorageInterface */;
			targetProxy = 9BBC560C2D6DCD54006A30F7 /* PBXContainerItemProxy */;
		};
/* End PBXTargetDependency section */

/* Begin XCBuildConfiguration section */
		9BBC55D72D6D941B006A30F7 /* Debug */ = {
			isa = XCBuildConfiguration;
			buildSettings = {
				BUILD_LIBRARY_FOR_DISTRIBUTION = YES;
				CODE_SIGN_STYLE = Automatic;
				CURRENT_PROJECT_VERSION = 1;
				DEFINES_MODULE = YES;
				DEVELOPMENT_TEAM = S44QFR96WL;
				DYLIB_COMPATIBILITY_VERSION = 1;
				DYLIB_CURRENT_VERSION = 1;
				DYLIB_INSTALL_NAME_BASE = "@rpath";
				ENABLE_MODULE_VERIFIER = YES;
				GENERATE_INFOPLIST_FILE = YES;
				INFOPLIST_KEY_NSHumanReadableCopyright = "";
				INSTALL_PATH = "$(LOCAL_LIBRARY_DIR)/Frameworks";
				IPHONEOS_DEPLOYMENT_TARGET = 17.0;
				LD_RUNPATH_SEARCH_PATHS = (
					"$(inherited)",
					"@executable_path/Frameworks",
					"@loader_path/Frameworks",
				);
				MARKETING_VERSION = 1.0;
				MODULE_VERIFIER_SUPPORTED_LANGUAGES = "objective-c objective-c++";
				MODULE_VERIFIER_SUPPORTED_LANGUAGE_STANDARDS = "gnu17 gnu++20";
				PRODUCT_BUNDLE_IDENTIFIER = com.siwon.PBStorage;
				PRODUCT_NAME = "$(TARGET_NAME:c99extidentifier)";
				SKIP_INSTALL = YES;
				SWIFT_EMIT_LOC_STRINGS = YES;
				SWIFT_INSTALL_OBJC_HEADER = NO;
				SWIFT_VERSION = 6.0;
				TARGETED_DEVICE_FAMILY = "1,2";
			};
			name = Debug;
		};
		9BBC55D82D6D941B006A30F7 /* Release */ = {
			isa = XCBuildConfiguration;
			buildSettings = {
				BUILD_LIBRARY_FOR_DISTRIBUTION = YES;
				CODE_SIGN_STYLE = Automatic;
				CURRENT_PROJECT_VERSION = 1;
				DEFINES_MODULE = YES;
				DEVELOPMENT_TEAM = S44QFR96WL;
				DYLIB_COMPATIBILITY_VERSION = 1;
				DYLIB_CURRENT_VERSION = 1;
				DYLIB_INSTALL_NAME_BASE = "@rpath";
				ENABLE_MODULE_VERIFIER = YES;
				GENERATE_INFOPLIST_FILE = YES;
				INFOPLIST_KEY_NSHumanReadableCopyright = "";
				INSTALL_PATH = "$(LOCAL_LIBRARY_DIR)/Frameworks";
				IPHONEOS_DEPLOYMENT_TARGET = 17.0;
				LD_RUNPATH_SEARCH_PATHS = (
					"$(inherited)",
					"@executable_path/Frameworks",
					"@loader_path/Frameworks",
				);
				MARKETING_VERSION = 1.0;
				MODULE_VERIFIER_SUPPORTED_LANGUAGES = "objective-c objective-c++";
				MODULE_VERIFIER_SUPPORTED_LANGUAGE_STANDARDS = "gnu17 gnu++20";
				PRODUCT_BUNDLE_IDENTIFIER = com.siwon.PBStorage;
				PRODUCT_NAME = "$(TARGET_NAME:c99extidentifier)";
				SKIP_INSTALL = YES;
				SWIFT_EMIT_LOC_STRINGS = YES;
				SWIFT_INSTALL_OBJC_HEADER = NO;
				SWIFT_VERSION = 6.0;
				TARGETED_DEVICE_FAMILY = "1,2";
			};
			name = Release;
		};
		9BBC55D92D6D941B006A30F7 /* Debug */ = {
			isa = XCBuildConfiguration;
			buildSettings = {
				ALWAYS_SEARCH_USER_PATHS = NO;
				ASSETCATALOG_COMPILER_GENERATE_SWIFT_ASSET_SYMBOL_EXTENSIONS = YES;
				CLANG_ANALYZER_NONNULL = YES;
				CLANG_ANALYZER_NUMBER_OBJECT_CONVERSION = YES_AGGRESSIVE;
				CLANG_CXX_LANGUAGE_STANDARD = "gnu++20";
				CLANG_ENABLE_MODULES = YES;
				CLANG_ENABLE_OBJC_ARC = YES;
				CLANG_ENABLE_OBJC_WEAK = YES;
				CLANG_WARN_BLOCK_CAPTURE_AUTORELEASING = YES;
				CLANG_WARN_BOOL_CONVERSION = YES;
				CLANG_WARN_COMMA = YES;
				CLANG_WARN_CONSTANT_CONVERSION = YES;
				CLANG_WARN_DEPRECATED_OBJC_IMPLEMENTATIONS = YES;
				CLANG_WARN_DIRECT_OBJC_ISA_USAGE = YES_ERROR;
				CLANG_WARN_DOCUMENTATION_COMMENTS = YES;
				CLANG_WARN_EMPTY_BODY = YES;
				CLANG_WARN_ENUM_CONVERSION = YES;
				CLANG_WARN_INFINITE_RECURSION = YES;
				CLANG_WARN_INT_CONVERSION = YES;
				CLANG_WARN_NON_LITERAL_NULL_CONVERSION = YES;
				CLANG_WARN_OBJC_IMPLICIT_RETAIN_SELF = YES;
				CLANG_WARN_OBJC_LITERAL_CONVERSION = YES;
				CLANG_WARN_OBJC_ROOT_CLASS = YES_ERROR;
				CLANG_WARN_QUOTED_INCLUDE_IN_FRAMEWORK_HEADER = YES;
				CLANG_WARN_RANGE_LOOP_ANALYSIS = YES;
				CLANG_WARN_STRICT_PROTOTYPES = YES;
				CLANG_WARN_SUSPICIOUS_MOVE = YES;
				CLANG_WARN_UNGUARDED_AVAILABILITY = YES_AGGRESSIVE;
				CLANG_WARN_UNREACHABLE_CODE = YES;
				CLANG_WARN__DUPLICATE_METHOD_MATCH = YES;
				COPY_PHASE_STRIP = NO;
				CURRENT_PROJECT_VERSION = 1;
				DEBUG_INFORMATION_FORMAT = dwarf;
				ENABLE_STRICT_OBJC_MSGSEND = YES;
				ENABLE_TESTABILITY = YES;
				ENABLE_USER_SCRIPT_SANDBOXING = YES;
				GCC_C_LANGUAGE_STANDARD = gnu17;
				GCC_DYNAMIC_NO_PIC = NO;
				GCC_NO_COMMON_BLOCKS = YES;
				GCC_OPTIMIZATION_LEVEL = 0;
				GCC_PREPROCESSOR_DEFINITIONS = (
					"DEBUG=1",
					"$(inherited)",
				);
				GCC_WARN_64_TO_32_BIT_CONVERSION = YES;
				GCC_WARN_ABOUT_RETURN_TYPE = YES_ERROR;
				GCC_WARN_UNDECLARED_SELECTOR = YES;
				GCC_WARN_UNINITIALIZED_AUTOS = YES_AGGRESSIVE;
				GCC_WARN_UNUSED_FUNCTION = YES;
				GCC_WARN_UNUSED_VARIABLE = YES;
				IPHONEOS_DEPLOYMENT_TARGET = 18.2;
				LOCALIZATION_PREFERS_STRING_CATALOGS = YES;
				MTL_ENABLE_DEBUG_INFO = INCLUDE_SOURCE;
				MTL_FAST_MATH = YES;
				ONLY_ACTIVE_ARCH = YES;
				SDKROOT = iphoneos;
				SWIFT_ACTIVE_COMPILATION_CONDITIONS = "DEBUG $(inherited)";
				SWIFT_OPTIMIZATION_LEVEL = "-Onone";
				VERSIONING_SYSTEM = "apple-generic";
				VERSION_INFO_PREFIX = "";
			};
			name = Debug;
		};
		9BBC55DA2D6D941B006A30F7 /* Release */ = {
			isa = XCBuildConfiguration;
			buildSettings = {
				ALWAYS_SEARCH_USER_PATHS = NO;
				ASSETCATALOG_COMPILER_GENERATE_SWIFT_ASSET_SYMBOL_EXTENSIONS = YES;
				CLANG_ANALYZER_NONNULL = YES;
				CLANG_ANALYZER_NUMBER_OBJECT_CONVERSION = YES_AGGRESSIVE;
				CLANG_CXX_LANGUAGE_STANDARD = "gnu++20";
				CLANG_ENABLE_MODULES = YES;
				CLANG_ENABLE_OBJC_ARC = YES;
				CLANG_ENABLE_OBJC_WEAK = YES;
				CLANG_WARN_BLOCK_CAPTURE_AUTORELEASING = YES;
				CLANG_WARN_BOOL_CONVERSION = YES;
				CLANG_WARN_COMMA = YES;
				CLANG_WARN_CONSTANT_CONVERSION = YES;
				CLANG_WARN_DEPRECATED_OBJC_IMPLEMENTATIONS = YES;
				CLANG_WARN_DIRECT_OBJC_ISA_USAGE = YES_ERROR;
				CLANG_WARN_DOCUMENTATION_COMMENTS = YES;
				CLANG_WARN_EMPTY_BODY = YES;
				CLANG_WARN_ENUM_CONVERSION = YES;
				CLANG_WARN_INFINITE_RECURSION = YES;
				CLANG_WARN_INT_CONVERSION = YES;
				CLANG_WARN_NON_LITERAL_NULL_CONVERSION = YES;
				CLANG_WARN_OBJC_IMPLICIT_RETAIN_SELF = YES;
				CLANG_WARN_OBJC_LITERAL_CONVERSION = YES;
				CLANG_WARN_OBJC_ROOT_CLASS = YES_ERROR;
				CLANG_WARN_QUOTED_INCLUDE_IN_FRAMEWORK_HEADER = YES;
				CLANG_WARN_RANGE_LOOP_ANALYSIS = YES;
				CLANG_WARN_STRICT_PROTOTYPES = YES;
				CLANG_WARN_SUSPICIOUS_MOVE = YES;
				CLANG_WARN_UNGUARDED_AVAILABILITY = YES_AGGRESSIVE;
				CLANG_WARN_UNREACHABLE_CODE = YES;
				CLANG_WARN__DUPLICATE_METHOD_MATCH = YES;
				COPY_PHASE_STRIP = NO;
				CURRENT_PROJECT_VERSION = 1;
				DEBUG_INFORMATION_FORMAT = "dwarf-with-dsym";
				ENABLE_NS_ASSERTIONS = NO;
				ENABLE_STRICT_OBJC_MSGSEND = YES;
				ENABLE_USER_SCRIPT_SANDBOXING = YES;
				GCC_C_LANGUAGE_STANDARD = gnu17;
				GCC_NO_COMMON_BLOCKS = YES;
				GCC_WARN_64_TO_32_BIT_CONVERSION = YES;
				GCC_WARN_ABOUT_RETURN_TYPE = YES_ERROR;
				GCC_WARN_UNDECLARED_SELECTOR = YES;
				GCC_WARN_UNINITIALIZED_AUTOS = YES_AGGRESSIVE;
				GCC_WARN_UNUSED_FUNCTION = YES;
				GCC_WARN_UNUSED_VARIABLE = YES;
				IPHONEOS_DEPLOYMENT_TARGET = 18.2;
				LOCALIZATION_PREFERS_STRING_CATALOGS = YES;
				MTL_ENABLE_DEBUG_INFO = NO;
				MTL_FAST_MATH = YES;
				SDKROOT = iphoneos;
				SWIFT_COMPILATION_MODE = wholemodule;
				VALIDATE_PRODUCT = YES;
				VERSIONING_SYSTEM = "apple-generic";
				VERSION_INFO_PREFIX = "";
			};
			name = Release;
		};
		9BBC55DC2D6D941B006A30F7 /* Debug */ = {
			isa = XCBuildConfiguration;
			buildSettings = {
				CODE_SIGN_STYLE = Automatic;
				CURRENT_PROJECT_VERSION = 1;
				DEVELOPMENT_TEAM = S44QFR96WL;
				GENERATE_INFOPLIST_FILE = YES;
				MARKETING_VERSION = 1.0;
				PRODUCT_BUNDLE_IDENTIFIER = com.siwon.PBStorageTests;
				PRODUCT_NAME = "$(TARGET_NAME)";
				SWIFT_EMIT_LOC_STRINGS = NO;
				SWIFT_VERSION = 5.0;
				TARGETED_DEVICE_FAMILY = "1,2";
			};
			name = Debug;
		};
		9BBC55DD2D6D941B006A30F7 /* Release */ = {
			isa = XCBuildConfiguration;
			buildSettings = {
				CODE_SIGN_STYLE = Automatic;
				CURRENT_PROJECT_VERSION = 1;
				DEVELOPMENT_TEAM = S44QFR96WL;
				GENERATE_INFOPLIST_FILE = YES;
				MARKETING_VERSION = 1.0;
				PRODUCT_BUNDLE_IDENTIFIER = com.siwon.PBStorageTests;
				PRODUCT_NAME = "$(TARGET_NAME)";
				SWIFT_EMIT_LOC_STRINGS = NO;
				SWIFT_VERSION = 5.0;
				TARGETED_DEVICE_FAMILY = "1,2";
			};
			name = Release;
		};
		9BBC56002D6DCD0D006A30F7 /* Debug */ = {
			isa = XCBuildConfiguration;
			buildSettings = {
				BUILD_LIBRARY_FOR_DISTRIBUTION = YES;
				CODE_SIGN_STYLE = Automatic;
				CURRENT_PROJECT_VERSION = 1;
				DEFINES_MODULE = YES;
				DEVELOPMENT_TEAM = S44QFR96WL;
				DYLIB_COMPATIBILITY_VERSION = 1;
				DYLIB_CURRENT_VERSION = 1;
				DYLIB_INSTALL_NAME_BASE = "@rpath";
				ENABLE_MODULE_VERIFIER = YES;
				GENERATE_INFOPLIST_FILE = YES;
				INFOPLIST_KEY_NSHumanReadableCopyright = "";
				INSTALL_PATH = "$(LOCAL_LIBRARY_DIR)/Frameworks";
				LD_RUNPATH_SEARCH_PATHS = (
					"$(inherited)",
					"@executable_path/Frameworks",
					"@loader_path/Frameworks",
				);
				MARKETING_VERSION = 1.0;
				MODULE_VERIFIER_SUPPORTED_LANGUAGES = "objective-c objective-c++";
				MODULE_VERIFIER_SUPPORTED_LANGUAGE_STANDARDS = "gnu17 gnu++20";
				PRODUCT_BUNDLE_IDENTIFIER = com.siwon.PBStorageInterface;
				PRODUCT_NAME = "$(TARGET_NAME:c99extidentifier)";
				SKIP_INSTALL = YES;
				SWIFT_EMIT_LOC_STRINGS = YES;
				SWIFT_INSTALL_OBJC_HEADER = NO;
				SWIFT_VERSION = 5.0;
				TARGETED_DEVICE_FAMILY = "1,2";
			};
			name = Debug;
		};
		9BBC56012D6DCD0D006A30F7 /* Release */ = {
			isa = XCBuildConfiguration;
			buildSettings = {
				BUILD_LIBRARY_FOR_DISTRIBUTION = YES;
				CODE_SIGN_STYLE = Automatic;
				CURRENT_PROJECT_VERSION = 1;
				DEFINES_MODULE = YES;
				DEVELOPMENT_TEAM = S44QFR96WL;
				DYLIB_COMPATIBILITY_VERSION = 1;
				DYLIB_CURRENT_VERSION = 1;
				DYLIB_INSTALL_NAME_BASE = "@rpath";
				ENABLE_MODULE_VERIFIER = YES;
				GENERATE_INFOPLIST_FILE = YES;
				INFOPLIST_KEY_NSHumanReadableCopyright = "";
				INSTALL_PATH = "$(LOCAL_LIBRARY_DIR)/Frameworks";
				LD_RUNPATH_SEARCH_PATHS = (
					"$(inherited)",
					"@executable_path/Frameworks",
					"@loader_path/Frameworks",
				);
				MARKETING_VERSION = 1.0;
				MODULE_VERIFIER_SUPPORTED_LANGUAGES = "objective-c objective-c++";
				MODULE_VERIFIER_SUPPORTED_LANGUAGE_STANDARDS = "gnu17 gnu++20";
				PRODUCT_BUNDLE_IDENTIFIER = com.siwon.PBStorageInterface;
				PRODUCT_NAME = "$(TARGET_NAME:c99extidentifier)";
				SKIP_INSTALL = YES;
				SWIFT_EMIT_LOC_STRINGS = YES;
				SWIFT_INSTALL_OBJC_HEADER = NO;
				SWIFT_VERSION = 5.0;
				TARGETED_DEVICE_FAMILY = "1,2";
			};
			name = Release;
		};
/* End XCBuildConfiguration section */

/* Begin XCConfigurationList section */
		9BBC55BD2D6D941B006A30F7 /* Build configuration list for PBXProject "PBStorage" */ = {
			isa = XCConfigurationList;
			buildConfigurations = (
				9BBC55D92D6D941B006A30F7 /* Debug */,
				9BBC55DA2D6D941B006A30F7 /* Release */,
			);
			defaultConfigurationIsVisible = 0;
			defaultConfigurationName = Release;
		};
		9BBC55D62D6D941B006A30F7 /* Build configuration list for PBXNativeTarget "PBStorage" */ = {
			isa = XCConfigurationList;
			buildConfigurations = (
				9BBC55D72D6D941B006A30F7 /* Debug */,
				9BBC55D82D6D941B006A30F7 /* Release */,
			);
			defaultConfigurationIsVisible = 0;
			defaultConfigurationName = Release;
		};
		9BBC55DB2D6D941B006A30F7 /* Build configuration list for PBXNativeTarget "PBStorageTests" */ = {
			isa = XCConfigurationList;
			buildConfigurations = (
				9BBC55DC2D6D941B006A30F7 /* Debug */,
				9BBC55DD2D6D941B006A30F7 /* Release */,
			);
			defaultConfigurationIsVisible = 0;
			defaultConfigurationName = Release;
		};
		9BBC55FF2D6DCD0D006A30F7 /* Build configuration list for PBXNativeTarget "PBStorageInterface" */ = {
			isa = XCConfigurationList;
			buildConfigurations = (
				9BBC56002D6DCD0D006A30F7 /* Debug */,
				9BBC56012D6DCD0D006A30F7 /* Release */,
			);
			defaultConfigurationIsVisible = 0;
			defaultConfigurationName = Release;
		};
/* End XCConfigurationList section */

/* Begin XCRemoteSwiftPackageReference section */
		9BCAA9612D830229007E9FC5 /* XCRemoteSwiftPackageReference "firebase-ios-sdk" */ = {
			isa = XCRemoteSwiftPackageReference;
			repositoryURL = "https://github.com/firebase/firebase-ios-sdk.git";
			requirement = {
				kind = upToNextMajorVersion;
				minimumVersion = 11.9.0;
			};
		};
/* End XCRemoteSwiftPackageReference section */

/* Begin XCSwiftPackageProductDependency section */
		9BCAA9622D830229007E9FC5 /* FirebaseStorage */ = {
			isa = XCSwiftPackageProductDependency;
			package = 9BCAA9612D830229007E9FC5 /* XCRemoteSwiftPackageReference "firebase-ios-sdk" */;
			productName = FirebaseStorage;
		};
/* End XCSwiftPackageProductDependency section */
	};
	rootObject = 9BBC55BA2D6D941B006A30F7 /* Project object */;
}
