// !$*UTF8*$!
{
	archiveVersion = 1;
	classes = {
	};
	objectVersion = 77;
	objects = {

/* Begin PBXBuildFile section */
		9B3B8FDC2E1E28CA006CB25A /* LocalNotiInterface.framework in Frameworks */ = {isa = PBXBuildFile; fileRef = 9B3B8FC72E1E28CA006CB25A /* LocalNotiInterface.framework */; };
		9B3B8FDD2E1E28CA006CB25A /* LocalNotiInterface.framework in Embed Frameworks */ = {isa = PBXBuildFile; fileRef = 9B3B8FC72E1E28CA006CB25A /* LocalNotiInterface.framework */; settings = {ATTRIBUTES = (CodeSignOnCopy, RemoveHeadersOnCopy, ); }; };
		9B3B8FE72E1E294B006CB25A /* LocalNotiInterface.framework in Frameworks */ = {isa = PBXBuildFile; fileRef = 9B3B8FC72E1E28CA006CB25A /* LocalNotiInterface.framework */; };
		9B3B90052E1E3431006CB25A /* LocalNotiInterface.framework in Frameworks */ = {isa = PBXBuildFile; fileRef = 9B3B8FC72E1E28CA006CB25A /* LocalNotiInterface.framework */; };
		9B4DC8992D8FE28B00978C6E /* LocalNotiService.framework in Frameworks */ = {isa = PBXBuildFile; fileRef = 9B4DC8762D8FA9C300978C6E /* LocalNotiService.framework */; };
		9B4DC89A2D8FE28B00978C6E /* LocalNotiService.framework in Embed Frameworks */ = {isa = PBXBuildFile; fileRef = 9B4DC8762D8FA9C300978C6E /* LocalNotiService.framework */; settings = {ATTRIBUTES = (CodeSignOnCopy, RemoveHeadersOnCopy, ); }; };
		9B6C66012E3CAF91000C6964 /* LocalNotiService.framework in Frameworks */ = {isa = PBXBuildFile; fileRef = 9B4DC8762D8FA9C300978C6E /* LocalNotiService.framework */; };
/* End PBXBuildFile section */

/* Begin PBXContainerItemProxy section */
		9B3B8FDA2E1E28CA006CB25A /* PBXContainerItemProxy */ = {
			isa = PBXContainerItemProxy;
			containerPortal = 9B4DC86D2D8FA9C300978C6E /* Project object */;
			proxyType = 1;
			remoteGlobalIDString = 9B3B8FC62E1E28CA006CB25A;
			remoteInfo = LocalNotiInterface;
		};
		9B3B8FE92E1E294B006CB25A /* PBXContainerItemProxy */ = {
			isa = PBXContainerItemProxy;
			containerPortal = 9B4DC86D2D8FA9C300978C6E /* Project object */;
			proxyType = 1;
			remoteGlobalIDString = 9B3B8FC62E1E28CA006CB25A;
			remoteInfo = LocalNotiInterface;
		};
		9B3B90072E1E3431006CB25A /* PBXContainerItemProxy */ = {
			isa = PBXContainerItemProxy;
			containerPortal = 9B4DC86D2D8FA9C300978C6E /* Project object */;
			proxyType = 1;
			remoteGlobalIDString = 9B3B8FC62E1E28CA006CB25A;
			remoteInfo = LocalNotiInterface;
		};
		9B4DC89B2D8FE28B00978C6E /* PBXContainerItemProxy */ = {
			isa = PBXContainerItemProxy;
			containerPortal = 9B4DC86D2D8FA9C300978C6E /* Project object */;
			proxyType = 1;
			remoteGlobalIDString = 9B4DC8752D8FA9C300978C6E;
			remoteInfo = LocalNotiService;
		};
		9B6C66022E3CAF91000C6964 /* PBXContainerItemProxy */ = {
			isa = PBXContainerItemProxy;
			containerPortal = 9B4DC86D2D8FA9C300978C6E /* Project object */;
			proxyType = 1;
			remoteGlobalIDString = 9B4DC8752D8FA9C300978C6E;
			remoteInfo = LocalNotiService;
		};
/* End PBXContainerItemProxy section */

/* Begin PBXCopyFilesBuildPhase section */
		9B3B8FFC2E1E3429006CB25A /* CopyFiles */ = {
			isa = PBXCopyFilesBuildPhase;
			buildActionMask = 2147483647;
			dstPath = "include/$(PRODUCT_NAME)";
			dstSubfolderSpec = 16;
			files = (
			);
			runOnlyForDeploymentPostprocessing = 0;
		};
		9B4DC89D2D8FE28B00978C6E /* Embed Frameworks */ = {
			isa = PBXCopyFilesBuildPhase;
			buildActionMask = 2147483647;
			dstPath = "";
			dstSubfolderSpec = 10;
			files = (
				9B3B8FDD2E1E28CA006CB25A /* LocalNotiInterface.framework in Embed Frameworks */,
				9B4DC89A2D8FE28B00978C6E /* LocalNotiService.framework in Embed Frameworks */,
			);
			name = "Embed Frameworks";
			runOnlyForDeploymentPostprocessing = 0;
		};
/* End PBXCopyFilesBuildPhase section */

/* Begin PBXFileReference section */
		9B3B8FC72E1E28CA006CB25A /* LocalNotiInterface.framework */ = {isa = PBXFileReference; explicitFileType = wrapper.framework; includeInIndex = 0; path = LocalNotiInterface.framework; sourceTree = BUILT_PRODUCTS_DIR; };
		9B3B8FFE2E1E3429006CB25A /* libLocalNotiTesting.a */ = {isa = PBXFileReference; explicitFileType = archive.ar; includeInIndex = 0; path = libLocalNotiTesting.a; sourceTree = BUILT_PRODUCTS_DIR; };
		9B4DC8762D8FA9C300978C6E /* LocalNotiService.framework */ = {isa = PBXFileReference; explicitFileType = wrapper.framework; includeInIndex = 0; path = LocalNotiService.framework; sourceTree = BUILT_PRODUCTS_DIR; };
		9B4DC88A2D8FE27300978C6E /* LocalNotiDemo.app */ = {isa = PBXFileReference; explicitFileType = wrapper.application; includeInIndex = 0; path = LocalNotiDemo.app; sourceTree = BUILT_PRODUCTS_DIR; };
		9B6C65FD2E3CAF91000C6964 /* LocalNotiServiceTests.xctest */ = {isa = PBXFileReference; explicitFileType = wrapper.cfbundle; includeInIndex = 0; path = LocalNotiServiceTests.xctest; sourceTree = BUILT_PRODUCTS_DIR; };
/* End PBXFileReference section */

/* Begin PBXFileSystemSynchronizedBuildFileExceptionSet section */
		9B4DC87D2D8FA9C300978C6E /* Exceptions for "LocalNotiService" folder in "LocalNotiService" target */ = {
			isa = PBXFileSystemSynchronizedBuildFileExceptionSet;
			publicHeaders = (
				LocalNotiService.h,
			);
			target = 9B4DC8752D8FA9C300978C6E /* LocalNotiService */;
		};
/* End PBXFileSystemSynchronizedBuildFileExceptionSet section */

/* Begin PBXFileSystemSynchronizedRootGroup section */
		9B3B8FC82E1E28CA006CB25A /* LocalNotiInterface */ = {
			isa = PBXFileSystemSynchronizedRootGroup;
			path = LocalNotiInterface;
			sourceTree = "<group>";
		};
		9B3B8FFF2E1E3429006CB25A /* LocalNotiTesting */ = {
			isa = PBXFileSystemSynchronizedRootGroup;
			path = LocalNotiTesting;
			sourceTree = "<group>";
		};
		9B4DC8782D8FA9C300978C6E /* LocalNotiService */ = {
			isa = PBXFileSystemSynchronizedRootGroup;
			exceptions = (
				9B4DC87D2D8FA9C300978C6E /* Exceptions for "LocalNotiService" folder in "LocalNotiService" target */,
			);
			path = LocalNotiService;
			sourceTree = "<group>";
		};
		9B4DC88B2D8FE27300978C6E /* LocalNotiDemo */ = {
			isa = PBXFileSystemSynchronizedRootGroup;
			path = LocalNotiDemo;
			sourceTree = "<group>";
		};
		9B6C65FE2E3CAF91000C6964 /* LocalNotiServiceTests */ = {
			isa = PBXFileSystemSynchronizedRootGroup;
			path = LocalNotiServiceTests;
			sourceTree = "<group>";
		};
/* End PBXFileSystemSynchronizedRootGroup section */

/* Begin PBXFrameworksBuildPhase section */
		9B3B8FC42E1E28CA006CB25A /* Frameworks */ = {
			isa = PBXFrameworksBuildPhase;
			buildActionMask = 2147483647;
			files = (
			);
			runOnlyForDeploymentPostprocessing = 0;
		};
		9B3B8FFB2E1E3429006CB25A /* Frameworks */ = {
			isa = PBXFrameworksBuildPhase;
			buildActionMask = 2147483647;
			files = (
				9B3B90052E1E3431006CB25A /* LocalNotiInterface.framework in Frameworks */,
			);
			runOnlyForDeploymentPostprocessing = 0;
		};
		9B4DC8732D8FA9C300978C6E /* Frameworks */ = {
			isa = PBXFrameworksBuildPhase;
			buildActionMask = 2147483647;
			files = (
				9B3B8FE72E1E294B006CB25A /* LocalNotiInterface.framework in Frameworks */,
			);
			runOnlyForDeploymentPostprocessing = 0;
		};
		9B4DC8872D8FE27300978C6E /* Frameworks */ = {
			isa = PBXFrameworksBuildPhase;
			buildActionMask = 2147483647;
			files = (
				9B3B8FDC2E1E28CA006CB25A /* LocalNotiInterface.framework in Frameworks */,
				9B4DC8992D8FE28B00978C6E /* LocalNotiService.framework in Frameworks */,
			);
			runOnlyForDeploymentPostprocessing = 0;
		};
		9B6C65FA2E3CAF91000C6964 /* Frameworks */ = {
			isa = PBXFrameworksBuildPhase;
			buildActionMask = 2147483647;
			files = (
				9B6C66012E3CAF91000C6964 /* LocalNotiService.framework in Frameworks */,
			);
			runOnlyForDeploymentPostprocessing = 0;
		};
/* End PBXFrameworksBuildPhase section */

/* Begin PBXGroup section */
		9B4DC86C2D8FA9C300978C6E = {
			isa = PBXGroup;
			children = (
				9B4DC8782D8FA9C300978C6E /* LocalNotiService */,
				9B4DC88B2D8FE27300978C6E /* LocalNotiDemo */,
				9B3B8FC82E1E28CA006CB25A /* LocalNotiInterface */,
				9B3B8FFF2E1E3429006CB25A /* LocalNotiTesting */,
				9B6C65FE2E3CAF91000C6964 /* LocalNotiServiceTests */,
				9B4DC8982D8FE28B00978C6E /* Frameworks */,
				9B4DC8772D8FA9C300978C6E /* Products */,
			);
			sourceTree = "<group>";
		};
		9B4DC8772D8FA9C300978C6E /* Products */ = {
			isa = PBXGroup;
			children = (
				9B4DC8762D8FA9C300978C6E /* LocalNotiService.framework */,
				9B4DC88A2D8FE27300978C6E /* LocalNotiDemo.app */,
				9B3B8FC72E1E28CA006CB25A /* LocalNotiInterface.framework */,
				9B3B8FFE2E1E3429006CB25A /* libLocalNotiTesting.a */,
				9B6C65FD2E3CAF91000C6964 /* LocalNotiServiceTests.xctest */,
			);
			name = Products;
			sourceTree = "<group>";
		};
		9B4DC8982D8FE28B00978C6E /* Frameworks */ = {
			isa = PBXGroup;
			children = (
			);
			name = Frameworks;
			sourceTree = "<group>";
		};
/* End PBXGroup section */

/* Begin PBXHeadersBuildPhase section */
		9B3B8FC22E1E28CA006CB25A /* Headers */ = {
			isa = PBXHeadersBuildPhase;
			buildActionMask = 2147483647;
			files = (
			);
			runOnlyForDeploymentPostprocessing = 0;
		};
		9B4DC8712D8FA9C300978C6E /* Headers */ = {
			isa = PBXHeadersBuildPhase;
			buildActionMask = 2147483647;
			files = (
			);
			runOnlyForDeploymentPostprocessing = 0;
		};
/* End PBXHeadersBuildPhase section */

/* Begin PBXNativeTarget section */
		9B3B8FC62E1E28CA006CB25A /* LocalNotiInterface */ = {
			isa = PBXNativeTarget;
			buildConfigurationList = 9B3B8FE22E1E28CA006CB25A /* Build configuration list for PBXNativeTarget "LocalNotiInterface" */;
			buildPhases = (
				9B3B8FC22E1E28CA006CB25A /* Headers */,
				9B3B8FC32E1E28CA006CB25A /* Sources */,
				9B3B8FC42E1E28CA006CB25A /* Frameworks */,
				9B3B8FC52E1E28CA006CB25A /* Resources */,
			);
			buildRules = (
			);
			dependencies = (
			);
			fileSystemSynchronizedGroups = (
				9B3B8FC82E1E28CA006CB25A /* LocalNotiInterface */,
			);
			name = LocalNotiInterface;
			packageProductDependencies = (
			);
			productName = LocalNotiInterface;
			productReference = 9B3B8FC72E1E28CA006CB25A /* LocalNotiInterface.framework */;
			productType = "com.apple.product-type.framework";
		};
		9B3B8FFD2E1E3429006CB25A /* LocalNotiTesting */ = {
			isa = PBXNativeTarget;
			buildConfigurationList = 9B3B90022E1E3429006CB25A /* Build configuration list for PBXNativeTarget "LocalNotiTesting" */;
			buildPhases = (
				9B3B8FFA2E1E3429006CB25A /* Sources */,
				9B3B8FFB2E1E3429006CB25A /* Frameworks */,
				9B3B8FFC2E1E3429006CB25A /* CopyFiles */,
			);
			buildRules = (
			);
			dependencies = (
				9B3B90082E1E3431006CB25A /* PBXTargetDependency */,
			);
			fileSystemSynchronizedGroups = (
				9B3B8FFF2E1E3429006CB25A /* LocalNotiTesting */,
			);
			name = LocalNotiTesting;
			packageProductDependencies = (
			);
			productName = LocalNotiTesting;
			productReference = 9B3B8FFE2E1E3429006CB25A /* libLocalNotiTesting.a */;
			productType = "com.apple.product-type.library.static";
		};
		9B4DC8752D8FA9C300978C6E /* LocalNotiService */ = {
			isa = PBXNativeTarget;
			buildConfigurationList = 9B4DC87E2D8FA9C300978C6E /* Build configuration list for PBXNativeTarget "LocalNotiService" */;
			buildPhases = (
				9B4DC8712D8FA9C300978C6E /* Headers */,
				9B4DC8722D8FA9C300978C6E /* Sources */,
				9B4DC8732D8FA9C300978C6E /* Frameworks */,
				9B4DC8742D8FA9C300978C6E /* Resources */,
			);
			buildRules = (
			);
			dependencies = (
				9B3B8FEA2E1E294B006CB25A /* PBXTargetDependency */,
			);
			fileSystemSynchronizedGroups = (
				9B4DC8782D8FA9C300978C6E /* LocalNotiService */,
			);
			name = LocalNotiService;
			packageProductDependencies = (
			);
			productName = LocalNotiService;
			productReference = 9B4DC8762D8FA9C300978C6E /* LocalNotiService.framework */;
			productType = "com.apple.product-type.framework";
		};
		9B4DC8892D8FE27300978C6E /* LocalNotiDemo */ = {
			isa = PBXNativeTarget;
			buildConfigurationList = 9B4DC8952D8FE27400978C6E /* Build configuration list for PBXNativeTarget "LocalNotiDemo" */;
			buildPhases = (
				9B4DC8862D8FE27300978C6E /* Sources */,
				9B4DC8872D8FE27300978C6E /* Frameworks */,
				9B4DC8882D8FE27300978C6E /* Resources */,
				9B4DC89D2D8FE28B00978C6E /* Embed Frameworks */,
			);
			buildRules = (
			);
			dependencies = (
				9B4DC89C2D8FE28B00978C6E /* PBXTargetDependency */,
				9B3B8FDB2E1E28CA006CB25A /* PBXTargetDependency */,
			);
			fileSystemSynchronizedGroups = (
				9B4DC88B2D8FE27300978C6E /* LocalNotiDemo */,
			);
			name = LocalNotiDemo;
			packageProductDependencies = (
			);
			productName = LocalNotiDemoApp;
			productReference = 9B4DC88A2D8FE27300978C6E /* LocalNotiDemo.app */;
			productType = "com.apple.product-type.application";
		};
		9B6C65FC2E3CAF91000C6964 /* LocalNotiServiceTests */ = {
			isa = PBXNativeTarget;
			buildConfigurationList = 9B6C66062E3CAF91000C6964 /* Build configuration list for PBXNativeTarget "LocalNotiServiceTests" */;
			buildPhases = (
				9B6C65F92E3CAF91000C6964 /* Sources */,
				9B6C65FA2E3CAF91000C6964 /* Frameworks */,
				9B6C65FB2E3CAF91000C6964 /* Resources */,
			);
			buildRules = (
			);
			dependencies = (
				9B6C66032E3CAF91000C6964 /* PBXTargetDependency */,
			);
			fileSystemSynchronizedGroups = (
				9B6C65FE2E3CAF91000C6964 /* LocalNotiServiceTests */,
			);
			name = LocalNotiServiceTests;
			packageProductDependencies = (
			);
			productName = LocalNotiServiceTests;
			productReference = 9B6C65FD2E3CAF91000C6964 /* LocalNotiServiceTests.xctest */;
			productType = "com.apple.product-type.bundle.unit-test";
		};
/* End PBXNativeTarget section */

/* Begin PBXProject section */
		9B4DC86D2D8FA9C300978C6E /* Project object */ = {
			isa = PBXProject;
			attributes = {
				BuildIndependentTargetsInParallel = 1;
				LastSwiftUpdateCheck = 1630;
				LastUpgradeCheck = 1620;
				TargetAttributes = {
					9B3B8FC62E1E28CA006CB25A = {
						CreatedOnToolsVersion = 16.3;
					};
					9B3B8FFD2E1E3429006CB25A = {
						CreatedOnToolsVersion = 16.3;
					};
					9B4DC8752D8FA9C300978C6E = {
						CreatedOnToolsVersion = 16.2;
					};
					9B4DC8892D8FE27300978C6E = {
						CreatedOnToolsVersion = 16.2;
					};
					9B6C65FC2E3CAF91000C6964 = {
						CreatedOnToolsVersion = 16.3;
					};
				};
			};
			buildConfigurationList = 9B4DC8702D8FA9C300978C6E /* Build configuration list for PBXProject "LocalNotiService" */;
			developmentRegion = en;
			hasScannedForEncodings = 0;
			knownRegions = (
				en,
				Base,
			);
			mainGroup = 9B4DC86C2D8FA9C300978C6E;
			minimizedProjectReferenceProxies = 1;
			preferredProjectObjectVersion = 77;
			productRefGroup = 9B4DC8772D8FA9C300978C6E /* Products */;
			projectDirPath = "";
			projectRoot = "";
			targets = (
				9B4DC8752D8FA9C300978C6E /* LocalNotiService */,
				9B4DC8892D8FE27300978C6E /* LocalNotiDemo */,
				9B3B8FC62E1E28CA006CB25A /* LocalNotiInterface */,
				9B3B8FFD2E1E3429006CB25A /* LocalNotiTesting */,
				9B6C65FC2E3CAF91000C6964 /* LocalNotiServiceTests */,
			);
		};
/* End PBXProject section */

/* Begin PBXResourcesBuildPhase section */
		9B3B8FC52E1E28CA006CB25A /* Resources */ = {
			isa = PBXResourcesBuildPhase;
			buildActionMask = 2147483647;
			files = (
			);
			runOnlyForDeploymentPostprocessing = 0;
		};
		9B4DC8742D8FA9C300978C6E /* Resources */ = {
			isa = PBXResourcesBuildPhase;
			buildActionMask = 2147483647;
			files = (
			);
			runOnlyForDeploymentPostprocessing = 0;
		};
		9B4DC8882D8FE27300978C6E /* Resources */ = {
			isa = PBXResourcesBuildPhase;
			buildActionMask = 2147483647;
			files = (
			);
			runOnlyForDeploymentPostprocessing = 0;
		};
		9B6C65FB2E3CAF91000C6964 /* Resources */ = {
			isa = PBXResourcesBuildPhase;
			buildActionMask = 2147483647;
			files = (
			);
			runOnlyForDeploymentPostprocessing = 0;
		};
/* End PBXResourcesBuildPhase section */

/* Begin PBXSourcesBuildPhase section */
		9B3B8FC32E1E28CA006CB25A /* Sources */ = {
			isa = PBXSourcesBuildPhase;
			buildActionMask = 2147483647;
			files = (
			);
			runOnlyForDeploymentPostprocessing = 0;
		};
		9B3B8FFA2E1E3429006CB25A /* Sources */ = {
			isa = PBXSourcesBuildPhase;
			buildActionMask = 2147483647;
			files = (
			);
			runOnlyForDeploymentPostprocessing = 0;
		};
		9B4DC8722D8FA9C300978C6E /* Sources */ = {
			isa = PBXSourcesBuildPhase;
			buildActionMask = 2147483647;
			files = (
			);
			runOnlyForDeploymentPostprocessing = 0;
		};
		9B4DC8862D8FE27300978C6E /* Sources */ = {
			isa = PBXSourcesBuildPhase;
			buildActionMask = 2147483647;
			files = (
			);
			runOnlyForDeploymentPostprocessing = 0;
		};
		9B6C65F92E3CAF91000C6964 /* Sources */ = {
			isa = PBXSourcesBuildPhase;
			buildActionMask = 2147483647;
			files = (
			);
			runOnlyForDeploymentPostprocessing = 0;
		};
/* End PBXSourcesBuildPhase section */

/* Begin PBXTargetDependency section */
		9B3B8FDB2E1E28CA006CB25A /* PBXTargetDependency */ = {
			isa = PBXTargetDependency;
			target = 9B3B8FC62E1E28CA006CB25A /* LocalNotiInterface */;
			targetProxy = 9B3B8FDA2E1E28CA006CB25A /* PBXContainerItemProxy */;
		};
		9B3B8FEA2E1E294B006CB25A /* PBXTargetDependency */ = {
			isa = PBXTargetDependency;
			target = 9B3B8FC62E1E28CA006CB25A /* LocalNotiInterface */;
			targetProxy = 9B3B8FE92E1E294B006CB25A /* PBXContainerItemProxy */;
		};
		9B3B90082E1E3431006CB25A /* PBXTargetDependency */ = {
			isa = PBXTargetDependency;
			target = 9B3B8FC62E1E28CA006CB25A /* LocalNotiInterface */;
			targetProxy = 9B3B90072E1E3431006CB25A /* PBXContainerItemProxy */;
		};
		9B4DC89C2D8FE28B00978C6E /* PBXTargetDependency */ = {
			isa = PBXTargetDependency;
			target = 9B4DC8752D8FA9C300978C6E /* LocalNotiService */;
			targetProxy = 9B4DC89B2D8FE28B00978C6E /* PBXContainerItemProxy */;
		};
		9B6C66032E3CAF91000C6964 /* PBXTargetDependency */ = {
			isa = PBXTargetDependency;
			target = 9B4DC8752D8FA9C300978C6E /* LocalNotiService */;
			targetProxy = 9B6C66022E3CAF91000C6964 /* PBXContainerItemProxy */;
		};
/* End PBXTargetDependency section */

/* Begin XCBuildConfiguration section */
		9B3B8FDE2E1E28CA006CB25A /* Debug */ = {
			isa = XCBuildConfiguration;
			buildSettings = {
				BUILD_LIBRARY_FOR_DISTRIBUTION = YES;
				CODE_SIGN_STYLE = Automatic;
				CURRENT_PROJECT_VERSION = 1;
				DEVELOPMENT_TEAM = S44QFR96WL;
				DYLIB_COMPATIBILITY_VERSION = 1;
				DYLIB_CURRENT_VERSION = 1;
				DYLIB_INSTALL_NAME_BASE = "@rpath";
				ENABLE_MODULE_VERIFIER = YES;
				GENERATE_INFOPLIST_FILE = YES;
				INFOPLIST_KEY_NSHumanReadableCopyright = "";
				INSTALL_PATH = "$(LOCAL_LIBRARY_DIR)/Frameworks";
				IPHONEOS_DEPLOYMENT_TARGET = 17.0;
				LD_RUNPATH_SEARCH_PATHS = (
					"$(inherited)",
					"@executable_path/Frameworks",
					"@loader_path/Frameworks",
				);
				MARKETING_VERSION = 1.0;
				MODULE_VERIFIER_SUPPORTED_LANGUAGES = "objective-c objective-c++";
				MODULE_VERIFIER_SUPPORTED_LANGUAGE_STANDARDS = "gnu17 gnu++20";
				PRODUCT_BUNDLE_IDENTIFIER = com.siwon.LocalNotiInterface;
				PRODUCT_NAME = "$(TARGET_NAME:c99extidentifier)";
				SKIP_INSTALL = YES;
				SWIFT_EMIT_LOC_STRINGS = YES;
				SWIFT_INSTALL_MODULE = YES;
				SWIFT_INSTALL_OBJC_HEADER = NO;
				SWIFT_VERSION = 5.0;
				TARGETED_DEVICE_FAMILY = "1,2";
			};
			name = Debug;
		};
		9B3B8FDF2E1E28CA006CB25A /* Release */ = {
			isa = XCBuildConfiguration;
			buildSettings = {
				BUILD_LIBRARY_FOR_DISTRIBUTION = YES;
				CODE_SIGN_STYLE = Automatic;
				CURRENT_PROJECT_VERSION = 1;
				DEVELOPMENT_TEAM = S44QFR96WL;
				DYLIB_COMPATIBILITY_VERSION = 1;
				DYLIB_CURRENT_VERSION = 1;
				DYLIB_INSTALL_NAME_BASE = "@rpath";
				ENABLE_MODULE_VERIFIER = YES;
				GENERATE_INFOPLIST_FILE = YES;
				INFOPLIST_KEY_NSHumanReadableCopyright = "";
				INSTALL_PATH = "$(LOCAL_LIBRARY_DIR)/Frameworks";
				IPHONEOS_DEPLOYMENT_TARGET = 17.0;
				LD_RUNPATH_SEARCH_PATHS = (
					"$(inherited)",
					"@executable_path/Frameworks",
					"@loader_path/Frameworks",
				);
				MARKETING_VERSION = 1.0;
				MODULE_VERIFIER_SUPPORTED_LANGUAGES = "objective-c objective-c++";
				MODULE_VERIFIER_SUPPORTED_LANGUAGE_STANDARDS = "gnu17 gnu++20";
				PRODUCT_BUNDLE_IDENTIFIER = com.siwon.LocalNotiInterface;
				PRODUCT_NAME = "$(TARGET_NAME:c99extidentifier)";
				SKIP_INSTALL = YES;
				SWIFT_EMIT_LOC_STRINGS = YES;
				SWIFT_INSTALL_MODULE = YES;
				SWIFT_INSTALL_OBJC_HEADER = NO;
				SWIFT_VERSION = 5.0;
				TARGETED_DEVICE_FAMILY = "1,2";
			};
			name = Release;
		};
		9B3B90032E1E3429006CB25A /* Debug */ = {
			isa = XCBuildConfiguration;
			buildSettings = {
				CODE_SIGN_STYLE = Automatic;
				DEVELOPMENT_TEAM = S44QFR96WL;
				IPHONEOS_DEPLOYMENT_TARGET = 17.0;
				OTHER_LDFLAGS = "-ObjC";
				PRODUCT_NAME = "$(TARGET_NAME)";
				SKIP_INSTALL = YES;
				SWIFT_VERSION = 5.0;
				TARGETED_DEVICE_FAMILY = "1,2";
			};
			name = Debug;
		};
		9B3B90042E1E3429006CB25A /* Release */ = {
			isa = XCBuildConfiguration;
			buildSettings = {
				CODE_SIGN_STYLE = Automatic;
				DEVELOPMENT_TEAM = S44QFR96WL;
				IPHONEOS_DEPLOYMENT_TARGET = 17.0;
				OTHER_LDFLAGS = "-ObjC";
				PRODUCT_NAME = "$(TARGET_NAME)";
				SKIP_INSTALL = YES;
				SWIFT_VERSION = 5.0;
				TARGETED_DEVICE_FAMILY = "1,2";
			};
			name = Release;
		};
		9B4DC87F2D8FA9C300978C6E /* Debug */ = {
			isa = XCBuildConfiguration;
			buildSettings = {
				BUILD_LIBRARY_FOR_DISTRIBUTION = YES;
				CODE_SIGN_STYLE = Automatic;
				CURRENT_PROJECT_VERSION = 1;
				DEFINES_MODULE = YES;
				DEVELOPMENT_TEAM = S44QFR96WL;
				DYLIB_COMPATIBILITY_VERSION = 1;
				DYLIB_CURRENT_VERSION = 1;
				DYLIB_INSTALL_NAME_BASE = "@rpath";
				ENABLE_MODULE_VERIFIER = YES;
				GENERATE_INFOPLIST_FILE = YES;
				INFOPLIST_KEY_NSHumanReadableCopyright = "";
				INSTALL_PATH = "$(LOCAL_LIBRARY_DIR)/Frameworks";
				IPHONEOS_DEPLOYMENT_TARGET = 17.0;
				LD_RUNPATH_SEARCH_PATHS = (
					"$(inherited)",
					"@executable_path/Frameworks",
					"@loader_path/Frameworks",
				);
				MARKETING_VERSION = 1.0;
				MODULE_VERIFIER_SUPPORTED_LANGUAGES = "objective-c objective-c++";
				MODULE_VERIFIER_SUPPORTED_LANGUAGE_STANDARDS = "gnu17 gnu++20";
				PRODUCT_BUNDLE_IDENTIFIER = com.siwon.LocalNotiService;
				PRODUCT_NAME = "$(TARGET_NAME:c99extidentifier)";
				SKIP_INSTALL = YES;
				SWIFT_EMIT_LOC_STRINGS = YES;
				SWIFT_INSTALL_OBJC_HEADER = NO;
				SWIFT_VERSION = 6.0;
				TARGETED_DEVICE_FAMILY = "1,2";
			};
			name = Debug;
		};
		9B4DC8802D8FA9C300978C6E /* Release */ = {
			isa = XCBuildConfiguration;
			buildSettings = {
				BUILD_LIBRARY_FOR_DISTRIBUTION = YES;
				CODE_SIGN_STYLE = Automatic;
				CURRENT_PROJECT_VERSION = 1;
				DEFINES_MODULE = YES;
				DEVELOPMENT_TEAM = S44QFR96WL;
				DYLIB_COMPATIBILITY_VERSION = 1;
				DYLIB_CURRENT_VERSION = 1;
				DYLIB_INSTALL_NAME_BASE = "@rpath";
				ENABLE_MODULE_VERIFIER = YES;
				GENERATE_INFOPLIST_FILE = YES;
				INFOPLIST_KEY_NSHumanReadableCopyright = "";
				INSTALL_PATH = "$(LOCAL_LIBRARY_DIR)/Frameworks";
				IPHONEOS_DEPLOYMENT_TARGET = 17.0;
				LD_RUNPATH_SEARCH_PATHS = (
					"$(inherited)",
					"@executable_path/Frameworks",
					"@loader_path/Frameworks",
				);
				MARKETING_VERSION = 1.0;
				MODULE_VERIFIER_SUPPORTED_LANGUAGES = "objective-c objective-c++";
				MODULE_VERIFIER_SUPPORTED_LANGUAGE_STANDARDS = "gnu17 gnu++20";
				PRODUCT_BUNDLE_IDENTIFIER = com.siwon.LocalNotiService;
				PRODUCT_NAME = "$(TARGET_NAME:c99extidentifier)";
				SKIP_INSTALL = YES;
				SWIFT_EMIT_LOC_STRINGS = YES;
				SWIFT_INSTALL_OBJC_HEADER = NO;
				SWIFT_VERSION = 6.0;
				TARGETED_DEVICE_FAMILY = "1,2";
			};
			name = Release;
		};
		9B4DC8812D8FA9C300978C6E /* Debug */ = {
			isa = XCBuildConfiguration;
			buildSettings = {
				ALWAYS_SEARCH_USER_PATHS = NO;
				ASSETCATALOG_COMPILER_GENERATE_SWIFT_ASSET_SYMBOL_EXTENSIONS = YES;
				CLANG_ANALYZER_NONNULL = YES;
				CLANG_ANALYZER_NUMBER_OBJECT_CONVERSION = YES_AGGRESSIVE;
				CLANG_CXX_LANGUAGE_STANDARD = "gnu++20";
				CLANG_ENABLE_MODULES = YES;
				CLANG_ENABLE_OBJC_ARC = YES;
				CLANG_ENABLE_OBJC_WEAK = YES;
				CLANG_WARN_BLOCK_CAPTURE_AUTORELEASING = YES;
				CLANG_WARN_BOOL_CONVERSION = YES;
				CLANG_WARN_COMMA = YES;
				CLANG_WARN_CONSTANT_CONVERSION = YES;
				CLANG_WARN_DEPRECATED_OBJC_IMPLEMENTATIONS = YES;
				CLANG_WARN_DIRECT_OBJC_ISA_USAGE = YES_ERROR;
				CLANG_WARN_DOCUMENTATION_COMMENTS = YES;
				CLANG_WARN_EMPTY_BODY = YES;
				CLANG_WARN_ENUM_CONVERSION = YES;
				CLANG_WARN_INFINITE_RECURSION = YES;
				CLANG_WARN_INT_CONVERSION = YES;
				CLANG_WARN_NON_LITERAL_NULL_CONVERSION = YES;
				CLANG_WARN_OBJC_IMPLICIT_RETAIN_SELF = YES;
				CLANG_WARN_OBJC_LITERAL_CONVERSION = YES;
				CLANG_WARN_OBJC_ROOT_CLASS = YES_ERROR;
				CLANG_WARN_QUOTED_INCLUDE_IN_FRAMEWORK_HEADER = YES;
				CLANG_WARN_RANGE_LOOP_ANALYSIS = YES;
				CLANG_WARN_STRICT_PROTOTYPES = YES;
				CLANG_WARN_SUSPICIOUS_MOVE = YES;
				CLANG_WARN_UNGUARDED_AVAILABILITY = YES_AGGRESSIVE;
				CLANG_WARN_UNREACHABLE_CODE = YES;
				CLANG_WARN__DUPLICATE_METHOD_MATCH = YES;
				COPY_PHASE_STRIP = NO;
				CURRENT_PROJECT_VERSION = 1;
				DEBUG_INFORMATION_FORMAT = dwarf;
				ENABLE_STRICT_OBJC_MSGSEND = YES;
				ENABLE_TESTABILITY = YES;
				ENABLE_USER_SCRIPT_SANDBOXING = YES;
				GCC_C_LANGUAGE_STANDARD = gnu17;
				GCC_DYNAMIC_NO_PIC = NO;
				GCC_NO_COMMON_BLOCKS = YES;
				GCC_OPTIMIZATION_LEVEL = 0;
				GCC_PREPROCESSOR_DEFINITIONS = (
					"DEBUG=1",
					"$(inherited)",
				);
				GCC_WARN_64_TO_32_BIT_CONVERSION = YES;
				GCC_WARN_ABOUT_RETURN_TYPE = YES_ERROR;
				GCC_WARN_UNDECLARED_SELECTOR = YES;
				GCC_WARN_UNINITIALIZED_AUTOS = YES_AGGRESSIVE;
				GCC_WARN_UNUSED_FUNCTION = YES;
				GCC_WARN_UNUSED_VARIABLE = YES;
				IPHONEOS_DEPLOYMENT_TARGET = 18.2;
				LOCALIZATION_PREFERS_STRING_CATALOGS = YES;
				MTL_ENABLE_DEBUG_INFO = INCLUDE_SOURCE;
				MTL_FAST_MATH = YES;
				ONLY_ACTIVE_ARCH = YES;
				SDKROOT = iphoneos;
				SWIFT_ACTIVE_COMPILATION_CONDITIONS = "DEBUG $(inherited)";
				SWIFT_OPTIMIZATION_LEVEL = "-Onone";
				VERSIONING_SYSTEM = "apple-generic";
				VERSION_INFO_PREFIX = "";
			};
			name = Debug;
		};
		9B4DC8822D8FA9C300978C6E /* Release */ = {
			isa = XCBuildConfiguration;
			buildSettings = {
				ALWAYS_SEARCH_USER_PATHS = NO;
				ASSETCATALOG_COMPILER_GENERATE_SWIFT_ASSET_SYMBOL_EXTENSIONS = YES;
				CLANG_ANALYZER_NONNULL = YES;
				CLANG_ANALYZER_NUMBER_OBJECT_CONVERSION = YES_AGGRESSIVE;
				CLANG_CXX_LANGUAGE_STANDARD = "gnu++20";
				CLANG_ENABLE_MODULES = YES;
				CLANG_ENABLE_OBJC_ARC = YES;
				CLANG_ENABLE_OBJC_WEAK = YES;
				CLANG_WARN_BLOCK_CAPTURE_AUTORELEASING = YES;
				CLANG_WARN_BOOL_CONVERSION = YES;
				CLANG_WARN_COMMA = YES;
				CLANG_WARN_CONSTANT_CONVERSION = YES;
				CLANG_WARN_DEPRECATED_OBJC_IMPLEMENTATIONS = YES;
				CLANG_WARN_DIRECT_OBJC_ISA_USAGE = YES_ERROR;
				CLANG_WARN_DOCUMENTATION_COMMENTS = YES;
				CLANG_WARN_EMPTY_BODY = YES;
				CLANG_WARN_ENUM_CONVERSION = YES;
				CLANG_WARN_INFINITE_RECURSION = YES;
				CLANG_WARN_INT_CONVERSION = YES;
				CLANG_WARN_NON_LITERAL_NULL_CONVERSION = YES;
				CLANG_WARN_OBJC_IMPLICIT_RETAIN_SELF = YES;
				CLANG_WARN_OBJC_LITERAL_CONVERSION = YES;
				CLANG_WARN_OBJC_ROOT_CLASS = YES_ERROR;
				CLANG_WARN_QUOTED_INCLUDE_IN_FRAMEWORK_HEADER = YES;
				CLANG_WARN_RANGE_LOOP_ANALYSIS = YES;
				CLANG_WARN_STRICT_PROTOTYPES = YES;
				CLANG_WARN_SUSPICIOUS_MOVE = YES;
				CLANG_WARN_UNGUARDED_AVAILABILITY = YES_AGGRESSIVE;
				CLANG_WARN_UNREACHABLE_CODE = YES;
				CLANG_WARN__DUPLICATE_METHOD_MATCH = YES;
				COPY_PHASE_STRIP = NO;
				CURRENT_PROJECT_VERSION = 1;
				DEBUG_INFORMATION_FORMAT = "dwarf-with-dsym";
				ENABLE_NS_ASSERTIONS = NO;
				ENABLE_STRICT_OBJC_MSGSEND = YES;
				ENABLE_USER_SCRIPT_SANDBOXING = YES;
				GCC_C_LANGUAGE_STANDARD = gnu17;
				GCC_NO_COMMON_BLOCKS = YES;
				GCC_WARN_64_TO_32_BIT_CONVERSION = YES;
				GCC_WARN_ABOUT_RETURN_TYPE = YES_ERROR;
				GCC_WARN_UNDECLARED_SELECTOR = YES;
				GCC_WARN_UNINITIALIZED_AUTOS = YES_AGGRESSIVE;
				GCC_WARN_UNUSED_FUNCTION = YES;
				GCC_WARN_UNUSED_VARIABLE = YES;
				IPHONEOS_DEPLOYMENT_TARGET = 18.2;
				LOCALIZATION_PREFERS_STRING_CATALOGS = YES;
				MTL_ENABLE_DEBUG_INFO = NO;
				MTL_FAST_MATH = YES;
				SDKROOT = iphoneos;
				SWIFT_COMPILATION_MODE = wholemodule;
				VALIDATE_PRODUCT = YES;
				VERSIONING_SYSTEM = "apple-generic";
				VERSION_INFO_PREFIX = "";
			};
			name = Release;
		};
		9B4DC8962D8FE27400978C6E /* Debug */ = {
			isa = XCBuildConfiguration;
			buildSettings = {
				ASSETCATALOG_COMPILER_APPICON_NAME = AppIcon;
				ASSETCATALOG_COMPILER_GLOBAL_ACCENT_COLOR_NAME = AccentColor;
				CODE_SIGN_STYLE = Automatic;
				CURRENT_PROJECT_VERSION = 1;
				DEVELOPMENT_ASSET_PATHS = "\"LocalNotiDemoApp/Preview Content\"";
				DEVELOPMENT_TEAM = S44QFR96WL;
				ENABLE_PREVIEWS = YES;
				GENERATE_INFOPLIST_FILE = YES;
				INFOPLIST_KEY_UIApplicationSceneManifest_Generation = YES;
				INFOPLIST_KEY_UIApplicationSupportsIndirectInputEvents = YES;
				INFOPLIST_KEY_UILaunchScreen_Generation = YES;
				INFOPLIST_KEY_UISupportedInterfaceOrientations_iPad = "UIInterfaceOrientationPortrait UIInterfaceOrientationPortraitUpsideDown UIInterfaceOrientationLandscapeLeft UIInterfaceOrientationLandscapeRight";
				INFOPLIST_KEY_UISupportedInterfaceOrientations_iPhone = "UIInterfaceOrientationPortrait UIInterfaceOrientationLandscapeLeft UIInterfaceOrientationLandscapeRight";
				IPHONEOS_DEPLOYMENT_TARGET = 17.0;
				LD_RUNPATH_SEARCH_PATHS = (
					"$(inherited)",
					"@executable_path/Frameworks",
				);
				MARKETING_VERSION = 1.0;
				PRODUCT_BUNDLE_IDENTIFIER = com.siwon.LocalNotiDemoApp;
				PRODUCT_NAME = "$(TARGET_NAME)";
				SWIFT_EMIT_LOC_STRINGS = YES;
				SWIFT_VERSION = 6.0;
				TARGETED_DEVICE_FAMILY = "1,2";
			};
			name = Debug;
		};
		9B4DC8972D8FE27400978C6E /* Release */ = {
			isa = XCBuildConfiguration;
			buildSettings = {
				ASSETCATALOG_COMPILER_APPICON_NAME = AppIcon;
				ASSETCATALOG_COMPILER_GLOBAL_ACCENT_COLOR_NAME = AccentColor;
				CODE_SIGN_STYLE = Automatic;
				CURRENT_PROJECT_VERSION = 1;
				DEVELOPMENT_ASSET_PATHS = "\"LocalNotiDemoApp/Preview Content\"";
				DEVELOPMENT_TEAM = S44QFR96WL;
				ENABLE_PREVIEWS = YES;
				GENERATE_INFOPLIST_FILE = YES;
				INFOPLIST_KEY_UIApplicationSceneManifest_Generation = YES;
				INFOPLIST_KEY_UIApplicationSupportsIndirectInputEvents = YES;
				INFOPLIST_KEY_UILaunchScreen_Generation = YES;
				INFOPLIST_KEY_UISupportedInterfaceOrientations_iPad = "UIInterfaceOrientationPortrait UIInterfaceOrientationPortraitUpsideDown UIInterfaceOrientationLandscapeLeft UIInterfaceOrientationLandscapeRight";
				INFOPLIST_KEY_UISupportedInterfaceOrientations_iPhone = "UIInterfaceOrientationPortrait UIInterfaceOrientationLandscapeLeft UIInterfaceOrientationLandscapeRight";
				IPHONEOS_DEPLOYMENT_TARGET = 17.0;
				LD_RUNPATH_SEARCH_PATHS = (
					"$(inherited)",
					"@executable_path/Frameworks",
				);
				MARKETING_VERSION = 1.0;
				PRODUCT_BUNDLE_IDENTIFIER = com.siwon.LocalNotiDemoApp;
				PRODUCT_NAME = "$(TARGET_NAME)";
				SWIFT_EMIT_LOC_STRINGS = YES;
				SWIFT_VERSION = 6.0;
				TARGETED_DEVICE_FAMILY = "1,2";
			};
			name = Release;
		};
		9B6C66042E3CAF91000C6964 /* Debug */ = {
			isa = XCBuildConfiguration;
			buildSettings = {
				CODE_SIGN_STYLE = Automatic;
				CURRENT_PROJECT_VERSION = 1;
				DEVELOPMENT_TEAM = S44QFR96WL;
				GENERATE_INFOPLIST_FILE = YES;
				IPHONEOS_DEPLOYMENT_TARGET = 17.0;
				MARKETING_VERSION = 1.0;
				PRODUCT_BUNDLE_IDENTIFIER = com.siwon.LocalNotiServiceTests;
				PRODUCT_NAME = "$(TARGET_NAME)";
				SWIFT_EMIT_LOC_STRINGS = NO;
				SWIFT_VERSION = 5.0;
				TARGETED_DEVICE_FAMILY = "1,2";
			};
			name = Debug;
		};
		9B6C66052E3CAF91000C6964 /* Release */ = {
			isa = XCBuildConfiguration;
			buildSettings = {
				CODE_SIGN_STYLE = Automatic;
				CURRENT_PROJECT_VERSION = 1;
				DEVELOPMENT_TEAM = S44QFR96WL;
				GENERATE_INFOPLIST_FILE = YES;
				IPHONEOS_DEPLOYMENT_TARGET = 17.0;
				MARKETING_VERSION = 1.0;
				PRODUCT_BUNDLE_IDENTIFIER = com.siwon.LocalNotiServiceTests;
				PRODUCT_NAME = "$(TARGET_NAME)";
				SWIFT_EMIT_LOC_STRINGS = NO;
				SWIFT_VERSION = 5.0;
				TARGETED_DEVICE_FAMILY = "1,2";
			};
			name = Release;
		};
/* End XCBuildConfiguration section */

/* Begin XCConfigurationList section */
		9B3B8FE22E1E28CA006CB25A /* Build configuration list for PBXNativeTarget "LocalNotiInterface" */ = {
			isa = XCConfigurationList;
			buildConfigurations = (
				9B3B8FDE2E1E28CA006CB25A /* Debug */,
				9B3B8FDF2E1E28CA006CB25A /* Release */,
			);
			defaultConfigurationIsVisible = 0;
			defaultConfigurationName = Release;
		};
		9B3B90022E1E3429006CB25A /* Build configuration list for PBXNativeTarget "LocalNotiTesting" */ = {
			isa = XCConfigurationList;
			buildConfigurations = (
				9B3B90032E1E3429006CB25A /* Debug */,
				9B3B90042E1E3429006CB25A /* Release */,
			);
			defaultConfigurationIsVisible = 0;
			defaultConfigurationName = Release;
		};
		9B4DC8702D8FA9C300978C6E /* Build configuration list for PBXProject "LocalNotiService" */ = {
			isa = XCConfigurationList;
			buildConfigurations = (
				9B4DC8812D8FA9C300978C6E /* Debug */,
				9B4DC8822D8FA9C300978C6E /* Release */,
			);
			defaultConfigurationIsVisible = 0;
			defaultConfigurationName = Release;
		};
		9B4DC87E2D8FA9C300978C6E /* Build configuration list for PBXNativeTarget "LocalNotiService" */ = {
			isa = XCConfigurationList;
			buildConfigurations = (
				9B4DC87F2D8FA9C300978C6E /* Debug */,
				9B4DC8802D8FA9C300978C6E /* Release */,
			);
			defaultConfigurationIsVisible = 0;
			defaultConfigurationName = Release;
		};
		9B4DC8952D8FE27400978C6E /* Build configuration list for PBXNativeTarget "LocalNotiDemo" */ = {
			isa = XCConfigurationList;
			buildConfigurations = (
				9B4DC8962D8FE27400978C6E /* Debug */,
				9B4DC8972D8FE27400978C6E /* Release */,
			);
			defaultConfigurationIsVisible = 0;
			defaultConfigurationName = Release;
		};
		9B6C66062E3CAF91000C6964 /* Build configuration list for PBXNativeTarget "LocalNotiServiceTests" */ = {
			isa = XCConfigurationList;
			buildConfigurations = (
				9B6C66042E3CAF91000C6964 /* Debug */,
				9B6C66052E3CAF91000C6964 /* Release */,
			);
			defaultConfigurationIsVisible = 0;
			defaultConfigurationName = Release;
		};
/* End XCConfigurationList section */
	};
	rootObject = 9B4DC86D2D8FA9C300978C6E /* Project object */;
}
